<?xml version="1.0" encoding="utf-8"?>
<Project ToolsVersion="4.0" xmlns="http://schemas.microsoft.com/developer/msbuild/2003">
  <ItemGroup>
    <Filter Include="BoltEngine">
      <UniqueIdentifier>{AC627AF8-981A-BC45-0122-95A1EDF85636}</UniqueIdentifier>
    </Filter>
    <Filter Include="BoltEngine\Events">
      <UniqueIdentifier>{10D56826-7CEB-66BC-C562-F2DD31B83744}</UniqueIdentifier>
    </Filter>
    <Filter Include="BoltEngine\ImGui">
      <UniqueIdentifier>{D62865E2-C221-8434-EB53-69B9D7AB6340}</UniqueIdentifier>
    </Filter>
    <Filter Include="Platform">
      <UniqueIdentifier>{2AC788B4-1694-E3BF-3FAD-D1672BD9184E}</UniqueIdentifier>
    </Filter>
    <Filter Include="Platform\OpenGL">
      <UniqueIdentifier>{1E7D2C1D-8A08-9AE1-9319-1DD6FF23F6E1}</UniqueIdentifier>
    </Filter>
    <Filter Include="Platform\Windows">
      <UniqueIdentifier>{64FBD71A-50F4-F66C-7926-DCF1657ED678}</UniqueIdentifier>
    </Filter>
  </ItemGroup>
  <ItemGroup>
    <ClInclude Include="src\BoltEngine.h" />
    <ClInclude Include="src\BoltEngine\Application.h">
      <Filter>BoltEngine</Filter>
    </ClInclude>
    <ClInclude Include="src\BoltEngine\Core.h">
      <Filter>BoltEngine</Filter>
    </ClInclude>
    <ClInclude Include="src\BoltEngine\EntryPoint.h">
      <Filter>BoltEngine</Filter>
    </ClInclude>
    <ClInclude Include="src\BoltEngine\Events\ApplicationEvent.h">
      <Filter>BoltEngine\Events</Filter>
    </ClInclude>
    <ClInclude Include="src\BoltEngine\Events\Event.h">
      <Filter>BoltEngine\Events</Filter>
    </ClInclude>
    <ClInclude Include="src\BoltEngine\Events\KeyEvent.h">
      <Filter>BoltEngine\Events</Filter>
    </ClInclude>
    <ClInclude Include="src\BoltEngine\Events\MouseEvent.h">
      <Filter>BoltEngine\Events</Filter>
    </ClInclude>
    <ClInclude Include="src\BoltEngine\ImGui\ImGuiLayer.h">
      <Filter>BoltEngine\ImGui</Filter>
    </ClInclude>
    <ClInclude Include="src\BoltEngine\Layer.h">
      <Filter>BoltEngine</Filter>
    </ClInclude>
    <ClInclude Include="src\BoltEngine\LayerStack.h">
      <Filter>BoltEngine</Filter>
    </ClInclude>
    <ClInclude Include="src\BoltEngine\Log.h">
      <Filter>BoltEngine</Filter>
    </ClInclude>
    <ClInclude Include="src\BoltEngine\Window.h">
      <Filter>BoltEngine</Filter>
    </ClInclude>
    <ClInclude Include="src\Platform\OpenGL\ImGuiOpenGLRenderer.h">
      <Filter>Platform\OpenGL</Filter>
    </ClInclude>
    <ClInclude Include="src\Platform\Windows\WindowsWindow.h">
      <Filter>Platform\Windows</Filter>
    </ClInclude>
    <ClInclude Include="src\bepch.h" />
  </ItemGroup>
  <ItemGroup>
    <ClCompile Include="src\BoltEngine\Application.cpp">
      <Filter>BoltEngine</Filter>
    </ClCompile>
    <ClCompile Include="src\BoltEngine\ImGui\ImGuiLayer.cpp">
      <Filter>BoltEngine\ImGui</Filter>
    </ClCompile>
    <ClCompile Include="src\BoltEngine\Layer.cpp">
      <Filter>BoltEngine</Filter>
    </ClCompile>
    <ClCompile Include="src\BoltEngine\LayerStack.cpp">
      <Filter>BoltEngine</Filter>
    </ClCompile>
    <ClCompile Include="src\BoltEngine\Log.cpp">
      <Filter>BoltEngine</Filter>
    </ClCompile>
    <ClCompile Include="src\Platform\OpenGL\ImGuiOpenGLRenderer.cpp">
      <Filter>Platform\OpenGL</Filter>
    </ClCompile>
    <ClCompile Include="src\Platform\Windows\WindowsWindow.cpp">
      <Filter>Platform\Windows</Filter>
    </ClCompile>
    <ClCompile Include="src\bepch.cpp" />
  </ItemGroup>
</Project>